
Microsoft Visual Studio Solution File, Format Version 12.00
# Visual Studio Version 17
VisualStudioVersion = 17.4.33122.133
MinimumVisualStudioVersion = 10.0.40219.1
Project("{9A19103F-16F7-4668-BE54-9A1E7A4F7556}") = "ST_Genetics", "ST_Genetics\ST_Genetics.csproj", "{D979122C-5247-4CF4-B9ED-B4518E292C7D}"
EndProject
Project("{FAE04EC0-301F-11D3-BF4B-00C04F79EFBC}") = "Entities", "Entities\Entities.csproj", "{FE5774C2-64FC-45C6-8CC1-214412480706}"
EndProject
Project("{FAE04EC0-301F-11D3-BF4B-00C04F79EFBC}") = "DataAccess", "DataAccess\DataAccess.csproj", "{6830A3C2-090A-457D-841F-004953608915}"
EndProject
Project("{FAE04EC0-301F-11D3-BF4B-00C04F79EFBC}") = "Business", "Business\Business.csproj", "{92C5F3B0-1631-4148-99F0-CF37D185028F}"
EndProject
Global
	GlobalSection(SolutionConfigurationPlatforms) = preSolution
		Debug|Any CPU = Debug|Any CPU
		Release|Any CPU = Release|Any CPU
	EndGlobalSection
	GlobalSection(ProjectConfigurationPlatforms) = postSolution
		{D979122C-5247-4CF4-B9ED-B4518E292C7D}.Debug|Any CPU.ActiveCfg = Debug|Any CPU
		{D979122C-5247-4CF4-B9ED-B4518E292C7D}.Debug|Any CPU.Build.0 = Debug|Any CPU
		{D979122C-5247-4CF4-B9ED-B4518E292C7D}.Release|Any CPU.ActiveCfg = Release|Any CPU
		{D979122C-5247-4CF4-B9ED-B4518E292C7D}.Release|Any CPU.Build.0 = Release|Any CPU
		{FE5774C2-64FC-45C6-8CC1-214412480706}.Debug|Any CPU.ActiveCfg = Debug|Any CPU
		{FE5774C2-64FC-45C6-8CC1-214412480706}.Debug|Any CPU.Build.0 = Debug|Any CPU
		{FE5774C2-64FC-45C6-8CC1-214412480706}.Release|Any CPU.ActiveCfg = Release|Any CPU
		{FE5774C2-64FC-45C6-8CC1-214412480706}.Release|Any CPU.Build.0 = Release|Any CPU
		{6830A3C2-090A-457D-841F-004953608915}.Debug|Any CPU.ActiveCfg = Debug|Any CPU
		{6830A3C2-090A-457D-841F-004953608915}.Debug|Any CPU.Build.0 = Debug|Any CPU
		{6830A3C2-090A-457D-841F-004953608915}.Release|Any CPU.ActiveCfg = Release|Any CPU
		{6830A3C2-090A-457D-841F-004953608915}.Release|Any CPU.Build.0 = Release|Any CPU
		{92C5F3B0-1631-4148-99F0-CF37D185028F}.Debug|Any CPU.ActiveCfg = Debug|Any CPU
		{92C5F3B0-1631-4148-99F0-CF37D185028F}.Debug|Any CPU.Build.0 = Debug|Any CPU
		{92C5F3B0-1631-4148-99F0-CF37D185028F}.Release|Any CPU.ActiveCfg = Release|Any CPU
		{92C5F3B0-1631-4148-99F0-CF37D185028F}.Release|Any CPU.Build.0 = Release|Any CPU
	EndGlobalSection
	GlobalSection(SolutionProperties) = preSolution
		HideSolutionNode = FALSE
	EndGlobalSection
	GlobalSection(ExtensibilityGlobals) = postSolution
		SolutionGuid = {292A61F7-82B8-4BB7-97BB-DD47D975082B}
	EndGlobalSection
EndGlobal
